
Microsoft Visual Studio Solution File, Format Version 12.00
# Visual Studio Version 17
VisualStudioVersion = 17.11.35327.3
MinimumVisualStudioVersion = 10.0.40219.1
Project("{9A19103F-16F7-4668-BE54-9A1E7A4F7556}") = "PartsUnlimitedOperations", "PartsUnlimitedOperations\PartsUnlimitedOperations.csproj", "{0CD8F385-4A79-422C-BED6-642F2368A8DA}"
EndProject
Project("{9A19103F-16F7-4668-BE54-9A1E7A4F7556}") = "PartsUnlimitedWebAdaptors", "PartsUnlimitedWebAdaptors\PartsUnlimitedWebAdaptors.csproj", "{C984DE77-84F0-48AC-AF7A-3CCD3ACCD952}"
	ProjectSection(ProjectDependencies) = postProject
		{0CD8F385-4A79-422C-BED6-642F2368A8DA} = {0CD8F385-4A79-422C-BED6-642F2368A8DA}
	EndProjectSection
EndProject
Project("{9A19103F-16F7-4668-BE54-9A1E7A4F7556}") = "PartsUnlimitedScenarios", "PartsUnlimitedScenarios\PartsUnlimitedScenarios.csproj", "{FB739F8E-9EA2-4A88-A146-13649E6B41FE}"
	ProjectSection(ProjectDependencies) = postProject
		{0CD8F385-4A79-422C-BED6-642F2368A8DA} = {0CD8F385-4A79-422C-BED6-642F2368A8DA}
		{C984DE77-84F0-48AC-AF7A-3CCD3ACCD952} = {C984DE77-84F0-48AC-AF7A-3CCD3ACCD952}
	EndProjectSection
EndProject
Global
	GlobalSection(SolutionConfigurationPlatforms) = preSolution
		Debug|Any CPU = Debug|Any CPU
		Release|Any CPU = Release|Any CPU
	EndGlobalSection
	GlobalSection(ProjectConfigurationPlatforms) = postSolution
		{0CD8F385-4A79-422C-BED6-642F2368A8DA}.Debug|Any CPU.ActiveCfg = Debug|Any CPU
		{0CD8F385-4A79-422C-BED6-642F2368A8DA}.Debug|Any CPU.Build.0 = Debug|Any CPU
		{0CD8F385-4A79-422C-BED6-642F2368A8DA}.Release|Any CPU.ActiveCfg = Release|Any CPU
		{0CD8F385-4A79-422C-BED6-642F2368A8DA}.Release|Any CPU.Build.0 = Release|Any CPU
		{C984DE77-84F0-48AC-AF7A-3CCD3ACCD952}.Debug|Any CPU.ActiveCfg = Debug|Any CPU
		{C984DE77-84F0-48AC-AF7A-3CCD3ACCD952}.Debug|Any CPU.Build.0 = Debug|Any CPU
		{C984DE77-84F0-48AC-AF7A-3CCD3ACCD952}.Release|Any CPU.ActiveCfg = Release|Any CPU
		{C984DE77-84F0-48AC-AF7A-3CCD3ACCD952}.Release|Any CPU.Build.0 = Release|Any CPU
		{FB739F8E-9EA2-4A88-A146-13649E6B41FE}.Debug|Any CPU.ActiveCfg = Debug|Any CPU
		{FB739F8E-9EA2-4A88-A146-13649E6B41FE}.Debug|Any CPU.Build.0 = Debug|Any CPU
		{FB739F8E-9EA2-4A88-A146-13649E6B41FE}.Release|Any CPU.ActiveCfg = Release|Any CPU
		{FB739F8E-9EA2-4A88-A146-13649E6B41FE}.Release|Any CPU.Build.0 = Release|Any CPU
	EndGlobalSection
	GlobalSection(SolutionProperties) = preSolution
		HideSolutionNode = FALSE
	EndGlobalSection
	GlobalSection(ExtensibilityGlobals) = postSolution
		SolutionGuid = {7EE308FE-DB21-4315-91EB-453EC597B5C8}
	EndGlobalSection
EndGlobal
